
Microsoft Visual Studio Solution File, Format Version 12.00
# Visual Studio Version 17
VisualStudioVersion = 17.5.002.0
MinimumVisualStudioVersion = 10.0.40219.1
Project("{2150E333-8FDC-42A3-9474-1A3956D46DE8}") = "csharp-prep", "csharp-prep", "{DC8F4639-2695-4F3A-8AC3-3A2646462E66}"
EndProject
Project("{9A19103F-16F7-4668-BE54-9A1E7A4F7556}") = "Prep1", "csharp-prep\Prep1\Prep1.csproj", "{A2820858-0C61-4015-BB23-A6562C03B6D6}"
EndProject
Project("{9A19103F-16F7-4668-BE54-9A1E7A4F7556}") = "Prep2", "csharp-prep\Prep2\Prep2.csproj", "{5D610C85-9BA8-4A5E-8DDF-0B621D0E42C1}"
EndProject
Project("{9A19103F-16F7-4668-BE54-9A1E7A4F7556}") = "Prep3", "csharp-prep\Prep3\Prep3.csproj", "{47F5C8ED-5E9A-4150-9506-4BF8DB0A75CF}"
EndProject
Project("{9A19103F-16F7-4668-BE54-9A1E7A4F7556}") = "Prep4", "csharp-prep\Prep4\Prep4.csproj", "{8C7D0D4E-E864-44D6-A433-551D8363517D}"
EndProject
Project("{9A19103F-16F7-4668-BE54-9A1E7A4F7556}") = "Prep5", "csharp-prep\Prep5\Prep5.csproj", "{90F0C98B-8396-4374-9B59-B67C6724754D}"
EndProject
Project("{2150E333-8FDC-42A3-9474-1A3956D46DE8}") = "final", "final", "{25B2CE2B-2ABD-4A6C-BCA5-DE144E109B0F}"
EndProject
Project("{9A19103F-16F7-4668-BE54-9A1E7A4F7556}") = "FinalProject", "final\FinalProject\FinalProject.csproj", "{DB44681F-0EED-4114-9FF8-557A9CF542C3}"
EndProject
Project("{9A19103F-16F7-4668-BE54-9A1E7A4F7556}") = "Foundation1", "final\Foundation1\Foundation1.csproj", "{F5E132DE-31C3-4702-9E04-A2C6A1E27015}"
EndProject
Project("{9A19103F-16F7-4668-BE54-9A1E7A4F7556}") = "Foundation2", "final\Foundation2\Foundation2.csproj", "{04028BD2-BD8E-47C6-8FAA-DA798A8F1C7C}"
EndProject
Project("{9A19103F-16F7-4668-BE54-9A1E7A4F7556}") = "Foundation3", "final\Foundation3\Foundation3.csproj", "{3D0317EA-CD00-4ECE-9FC8-2603BDB3DEDC}"
EndProject
Project("{9A19103F-16F7-4668-BE54-9A1E7A4F7556}") = "Foundation4", "final\Foundation4\Foundation4.csproj", "{ECEE2324-3FAF-44BD-BE49-A022537F575F}"
EndProject
Project("{2150E333-8FDC-42A3-9474-1A3956D46DE8}") = "prepare", "prepare", "{CB4F0637-32DA-4B4A-841A-9EBCC112BF54}"
EndProject
Project("{9A19103F-16F7-4668-BE54-9A1E7A4F7556}") = "Learning02", "prepare\Learning02\Learning02.csproj", "{25815736-471B-40AD-BBC0-60E0EB88451B}"
EndProject
Project("{9A19103F-16F7-4668-BE54-9A1E7A4F7556}") = "Learning03", "prepare\Learning03\Learning03.csproj", "{72A90BAE-770E-4DC4-89C8-CB28E09C2008}"
EndProject
Project("{9A19103F-16F7-4668-BE54-9A1E7A4F7556}") = "Learning04", "prepare\Learning04\Learning04.csproj", "{140A693D-FC86-4A23-829D-B994540881F0}"
EndProject
Project("{9A19103F-16F7-4668-BE54-9A1E7A4F7556}") = "Learning05", "prepare\Learning05\Learning05.csproj", "{AF817AA2-70D0-4D71-8ED6-1B9428F28203}"
EndProject
Project("{2150E333-8FDC-42A3-9474-1A3956D46DE8}") = "prove", "prove", "{6930B718-7669-4BFE-90ED-8D5B5AF6D72E}"
EndProject
Project("{9A19103F-16F7-4668-BE54-9A1E7A4F7556}") = "Develop02", "prove\Develop02\Develop02.csproj", "{6F2B193E-F079-4346-B610-43555D93EF90}"
EndProject
Project("{9A19103F-16F7-4668-BE54-9A1E7A4F7556}") = "Develop03", "prove\Develop03\Develop03.csproj", "{7AC88CCD-CB4D-4EC3-B08A-F4CAD59810E1}"
EndProject
Project("{9A19103F-16F7-4668-BE54-9A1E7A4F7556}") = "Develop04", "prove\Develop04\Develop04.csproj", "{849ED892-1451-4F15-8894-AE1C69BE018D}"
EndProject
Project("{9A19103F-16F7-4668-BE54-9A1E7A4F7556}") = "Develop05", "prove\Develop05\Develop05.csproj", "{294182E0-D3E2-42AA-805A-45F9BE1CA737}"
EndProject
Project("{2150E333-8FDC-42A3-9474-1A3956D46DE8}") = "sandbox", "sandbox", "{C8102D70-D6E5-467F-A1A6-9FC83C8DC277}"
EndProject
Project("{9A19103F-16F7-4668-BE54-9A1E7A4F7556}") = "Sandbox", "sandbox\Sandbox\Sandbox.csproj", "{47B5A06D-626C-4CCB-9A1E-05DDE42A69E4}"
EndProject
Global
	GlobalSection(SolutionConfigurationPlatforms) = preSolution
		Debug|Any CPU = Debug|Any CPU
		Release|Any CPU = Release|Any CPU
	EndGlobalSection
	GlobalSection(ProjectConfigurationPlatforms) = postSolution
		{A2820858-0C61-4015-BB23-A6562C03B6D6}.Debug|Any CPU.ActiveCfg = Debug|Any CPU
		{A2820858-0C61-4015-BB23-A6562C03B6D6}.Debug|Any CPU.Build.0 = Debug|Any CPU
		{A2820858-0C61-4015-BB23-A6562C03B6D6}.Release|Any CPU.ActiveCfg = Release|Any CPU
		{A2820858-0C61-4015-BB23-A6562C03B6D6}.Release|Any CPU.Build.0 = Release|Any CPU
		{5D610C85-9BA8-4A5E-8DDF-0B621D0E42C1}.Debug|Any CPU.ActiveCfg = Debug|Any CPU
		{5D610C85-9BA8-4A5E-8DDF-0B621D0E42C1}.Debug|Any CPU.Build.0 = Debug|Any CPU
		{5D610C85-9BA8-4A5E-8DDF-0B621D0E42C1}.Release|Any CPU.ActiveCfg = Release|Any CPU
		{5D610C85-9BA8-4A5E-8DDF-0B621D0E42C1}.Release|Any CPU.Build.0 = Release|Any CPU
		{47F5C8ED-5E9A-4150-9506-4BF8DB0A75CF}.Debug|Any CPU.ActiveCfg = Debug|Any CPU
		{47F5C8ED-5E9A-4150-9506-4BF8DB0A75CF}.Debug|Any CPU.Build.0 = Debug|Any CPU
		{47F5C8ED-5E9A-4150-9506-4BF8DB0A75CF}.Release|Any CPU.ActiveCfg = Release|Any CPU
		{47F5C8ED-5E9A-4150-9506-4BF8DB0A75CF}.Release|Any CPU.Build.0 = Release|Any CPU
		{8C7D0D4E-E864-44D6-A433-551D8363517D}.Debug|Any CPU.ActiveCfg = Debug|Any CPU
		{8C7D0D4E-E864-44D6-A433-551D8363517D}.Debug|Any CPU.Build.0 = Debug|Any CPU
		{8C7D0D4E-E864-44D6-A433-551D8363517D}.Release|Any CPU.ActiveCfg = Release|Any CPU
		{8C7D0D4E-E864-44D6-A433-551D8363517D}.Release|Any CPU.Build.0 = Release|Any CPU
		{90F0C98B-8396-4374-9B59-B67C6724754D}.Debug|Any CPU.ActiveCfg = Debug|Any CPU
		{90F0C98B-8396-4374-9B59-B67C6724754D}.Debug|Any CPU.Build.0 = Debug|Any CPU
		{90F0C98B-8396-4374-9B59-B67C6724754D}.Release|Any CPU.ActiveCfg = Release|Any CPU
		{90F0C98B-8396-4374-9B59-B67C6724754D}.Release|Any CPU.Build.0 = Release|Any CPU
		{DB44681F-0EED-4114-9FF8-557A9CF542C3}.Debug|Any CPU.ActiveCfg = Debug|Any CPU
		{DB44681F-0EED-4114-9FF8-557A9CF542C3}.Debug|Any CPU.Build.0 = Debug|Any CPU
		{DB44681F-0EED-4114-9FF8-557A9CF542C3}.Release|Any CPU.ActiveCfg = Release|Any CPU
		{DB44681F-0EED-4114-9FF8-557A9CF542C3}.Release|Any CPU.Build.0 = Release|Any CPU
		{F5E132DE-31C3-4702-9E04-A2C6A1E27015}.Debug|Any CPU.ActiveCfg = Debug|Any CPU
		{F5E132DE-31C3-4702-9E04-A2C6A1E27015}.Debug|Any CPU.Build.0 = Debug|Any CPU
		{F5E132DE-31C3-4702-9E04-A2C6A1E27015}.Release|Any CPU.ActiveCfg = Release|Any CPU
		{F5E132DE-31C3-4702-9E04-A2C6A1E27015}.Release|Any CPU.Build.0 = Release|Any CPU
		{04028BD2-BD8E-47C6-8FAA-DA798A8F1C7C}.Debug|Any CPU.ActiveCfg = Debug|Any CPU
		{04028BD2-BD8E-47C6-8FAA-DA798A8F1C7C}.Debug|Any CPU.Build.0 = Debug|Any CPU
		{04028BD2-BD8E-47C6-8FAA-DA798A8F1C7C}.Release|Any CPU.ActiveCfg = Release|Any CPU
		{04028BD2-BD8E-47C6-8FAA-DA798A8F1C7C}.Release|Any CPU.Build.0 = Release|Any CPU
		{3D0317EA-CD00-4ECE-9FC8-2603BDB3DEDC}.Debug|Any CPU.ActiveCfg = Debug|Any CPU
		{3D0317EA-CD00-4ECE-9FC8-2603BDB3DEDC}.Debug|Any CPU.Build.0 = Debug|Any CPU
		{3D0317EA-CD00-4ECE-9FC8-2603BDB3DEDC}.Release|Any CPU.ActiveCfg = Release|Any CPU
		{3D0317EA-CD00-4ECE-9FC8-2603BDB3DEDC}.Release|Any CPU.Build.0 = Release|Any CPU
		{ECEE2324-3FAF-44BD-BE49-A022537F575F}.Debug|Any CPU.ActiveCfg = Debug|Any CPU
		{ECEE2324-3FAF-44BD-BE49-A022537F575F}.Debug|Any CPU.Build.0 = Debug|Any CPU
		{ECEE2324-3FAF-44BD-BE49-A022537F575F}.Release|Any CPU.ActiveCfg = Release|Any CPU
		{ECEE2324-3FAF-44BD-BE49-A022537F575F}.Release|Any CPU.Build.0 = Release|Any CPU
		{25815736-471B-40AD-BBC0-60E0EB88451B}.Debug|Any CPU.ActiveCfg = Debug|Any CPU
		{25815736-471B-40AD-BBC0-60E0EB88451B}.Debug|Any CPU.Build.0 = Debug|Any CPU
		{25815736-471B-40AD-BBC0-60E0EB88451B}.Release|Any CPU.ActiveCfg = Release|Any CPU
		{25815736-471B-40AD-BBC0-60E0EB88451B}.Release|Any CPU.Build.0 = Release|Any CPU
		{72A90BAE-770E-4DC4-89C8-CB28E09C2008}.Debug|Any CPU.ActiveCfg = Debug|Any CPU
		{72A90BAE-770E-4DC4-89C8-CB28E09C2008}.Debug|Any CPU.Build.0 = Debug|Any CPU
		{72A90BAE-770E-4DC4-89C8-CB28E09C2008}.Release|Any CPU.ActiveCfg = Release|Any CPU
		{72A90BAE-770E-4DC4-89C8-CB28E09C2008}.Release|Any CPU.Build.0 = Release|Any CPU
		{140A693D-FC86-4A23-829D-B994540881F0}.Debug|Any CPU.ActiveCfg = Debug|Any CPU
		{140A693D-FC86-4A23-829D-B994540881F0}.Debug|Any CPU.Build.0 = Debug|Any CPU
		{140A693D-FC86-4A23-829D-B994540881F0}.Release|Any CPU.ActiveCfg = Release|Any CPU
		{140A693D-FC86-4A23-829D-B994540881F0}.Release|Any CPU.Build.0 = Release|Any CPU
		{AF817AA2-70D0-4D71-8ED6-1B9428F28203}.Debug|Any CPU.ActiveCfg = Debug|Any CPU
		{AF817AA2-70D0-4D71-8ED6-1B9428F28203}.Debug|Any CPU.Build.0 = Debug|Any CPU
		{AF817AA2-70D0-4D71-8ED6-1B9428F28203}.Release|Any CPU.ActiveCfg = Release|Any CPU
		{AF817AA2-70D0-4D71-8ED6-1B9428F28203}.Release|Any CPU.Build.0 = Release|Any CPU
		{6F2B193E-F079-4346-B610-43555D93EF90}.Debug|Any CPU.ActiveCfg = Debug|Any CPU
		{6F2B193E-F079-4346-B610-43555D93EF90}.Debug|Any CPU.Build.0 = Debug|Any CPU
		{6F2B193E-F079-4346-B610-43555D93EF90}.Release|Any CPU.ActiveCfg = Release|Any CPU
		{6F2B193E-F079-4346-B610-43555D93EF90}.Release|Any CPU.Build.0 = Release|Any CPU
		{7AC88CCD-CB4D-4EC3-B08A-F4CAD59810E1}.Debug|Any CPU.ActiveCfg = Debug|Any CPU
		{7AC88CCD-CB4D-4EC3-B08A-F4CAD59810E1}.Debug|Any CPU.Build.0 = Debug|Any CPU
		{7AC88CCD-CB4D-4EC3-B08A-F4CAD59810E1}.Release|Any CPU.ActiveCfg = Release|Any CPU
		{7AC88CCD-CB4D-4EC3-B08A-F4CAD59810E1}.Release|Any CPU.Build.0 = Release|Any CPU
		{849ED892-1451-4F15-8894-AE1C69BE018D}.Debug|Any CPU.ActiveCfg = Debug|Any CPU
		{849ED892-1451-4F15-8894-AE1C69BE018D}.Debug|Any CPU.Build.0 = Debug|Any CPU
		{849ED892-1451-4F15-8894-AE1C69BE018D}.Release|Any CPU.ActiveCfg = Release|Any CPU
		{849ED892-1451-4F15-8894-AE1C69BE018D}.Release|Any CPU.Build.0 = Release|Any CPU
		{294182E0-D3E2-42AA-805A-45F9BE1CA737}.Debug|Any CPU.ActiveCfg = Debug|Any CPU
		{294182E0-D3E2-42AA-805A-45F9BE1CA737}.Debug|Any CPU.Build.0 = Debug|Any CPU
		{294182E0-D3E2-42AA-805A-45F9BE1CA737}.Release|Any CPU.ActiveCfg = Release|Any CPU
		{294182E0-D3E2-42AA-805A-45F9BE1CA737}.Release|Any CPU.Build.0 = Release|Any CPU
		{47B5A06D-626C-4CCB-9A1E-05DDE42A69E4}.Debug|Any CPU.ActiveCfg = Debug|Any CPU
		{47B5A06D-626C-4CCB-9A1E-05DDE42A69E4}.Debug|Any CPU.Build.0 = Debug|Any CPU
		{47B5A06D-626C-4CCB-9A1E-05DDE42A69E4}.Release|Any CPU.ActiveCfg = Release|Any CPU
		{47B5A06D-626C-4CCB-9A1E-05DDE42A69E4}.Release|Any CPU.Build.0 = Release|Any CPU
	EndGlobalSection
	GlobalSection(SolutionProperties) = preSolution
		HideSolutionNode = FALSE
	EndGlobalSection
	GlobalSection(NestedProjects) = preSolution
		{A2820858-0C61-4015-BB23-A6562C03B6D6} = {DC8F4639-2695-4F3A-8AC3-3A2646462E66}
		{5D610C85-9BA8-4A5E-8DDF-0B621D0E42C1} = {DC8F4639-2695-4F3A-8AC3-3A2646462E66}
		{47F5C8ED-5E9A-4150-9506-4BF8DB0A75CF} = {DC8F4639-2695-4F3A-8AC3-3A2646462E66}
		{8C7D0D4E-E864-44D6-A433-551D8363517D} = {DC8F4639-2695-4F3A-8AC3-3A2646462E66}
		{90F0C98B-8396-4374-9B59-B67C6724754D} = {DC8F4639-2695-4F3A-8AC3-3A2646462E66}
		{DB44681F-0EED-4114-9FF8-557A9CF542C3} = {25B2CE2B-2ABD-4A6C-BCA5-DE144E109B0F}
		{F5E132DE-31C3-4702-9E04-A2C6A1E27015} = {25B2CE2B-2ABD-4A6C-BCA5-DE144E109B0F}
		{04028BD2-BD8E-47C6-8FAA-DA798A8F1C7C} = {25B2CE2B-2ABD-4A6C-BCA5-DE144E109B0F}
		{3D0317EA-CD00-4ECE-9FC8-2603BDB3DEDC} = {25B2CE2B-2ABD-4A6C-BCA5-DE144E109B0F}
		{ECEE2324-3FAF-44BD-BE49-A022537F575F} = {25B2CE2B-2ABD-4A6C-BCA5-DE144E109B0F}
		{25815736-471B-40AD-BBC0-60E0EB88451B} = {CB4F0637-32DA-4B4A-841A-9EBCC112BF54}
		{72A90BAE-770E-4DC4-89C8-CB28E09C2008} = {CB4F0637-32DA-4B4A-841A-9EBCC112BF54}
		{140A693D-FC86-4A23-829D-B994540881F0} = {CB4F0637-32DA-4B4A-841A-9EBCC112BF54}
		{AF817AA2-70D0-4D71-8ED6-1B9428F28203} = {CB4F0637-32DA-4B4A-841A-9EBCC112BF54}
		{6F2B193E-F079-4346-B610-43555D93EF90} = {6930B718-7669-4BFE-90ED-8D5B5AF6D72E}
		{7AC88CCD-CB4D-4EC3-B08A-F4CAD59810E1} = {6930B718-7669-4BFE-90ED-8D5B5AF6D72E}
		{849ED892-1451-4F15-8894-AE1C69BE018D} = {6930B718-7669-4BFE-90ED-8D5B5AF6D72E}
		{294182E0-D3E2-42AA-805A-45F9BE1CA737} = {6930B718-7669-4BFE-90ED-8D5B5AF6D72E}
		{47B5A06D-626C-4CCB-9A1E-05DDE42A69E4} = {C8102D70-D6E5-467F-A1A6-9FC83C8DC277}
	EndGlobalSection
	GlobalSection(ExtensibilityGlobals) = postSolution
		SolutionGuid = {66601F02-D10D-400E-80B7-E7AEA72A5275}
	EndGlobalSection
EndGlobal
